github.com/gorilla/mux v1.7.3/go.mod h1:1lud6UwP+6orDFRuTfBEV8e9/aOM/c4fVVCaMa2zaAs=
github.com/gorilla/mux v1.7.4 h1:VuZ8uybHlWmqV03+zRzdwKL4tUnIp1MAQtp1mIFE1bc=
github.com/gorilla/mux v1.7.4/go.mod h1:DVbg23sWSpFRCP0SfiEN6jmj59UnW/n46BH5rLB71So=
github.com/mikihau/rest-job-worker v0.0.0-20191207235352-e7590c271e91 h1:qrA7NbEeRspOfaYACquThSaXAfBrsI0KKMJ+onyoVn0=
github.com/mikihau/rest-job-worker v0.0.0-20191207235352-e7590c271e91/go.mod h1:UsdviXmiVFaP+CW8kbHbttAZ01WCs63+h5mv8Ph3vog=
